
Microsoft Visual Studio Solution File, Format Version 12.00
# Visual Studio 2015
Project("{FAE04EC0-301F-11D3-BF4B-00C04F79EFBC}") = "Project Holdout.CSharp", "Project Holdout.CSharp.csproj", "{AF55A4DE-77F4-7839-3597-3560EA0151AF}"
EndProject
Project("{FAE04EC0-301F-11D3-BF4B-00C04F79EFBC}") = "Project Holdout.CSharp.Editor", "Project Holdout.CSharp.Editor.csproj", "{384BA9C8-56D2-8026-876A-79214FE794FC}"
EndProject
Global
	GlobalSection(SolutionConfigurationPlatforms) = preSolution
		Debug|Any CPU = Debug|Any CPU
		Release|Any CPU = Release|Any CPU
	EndGlobalSection
	GlobalSection(ProjectConfigurationPlatforms) = postSolution
		{AF55A4DE-77F4-7839-3597-3560EA0151AF}.Debug|Any CPU.ActiveCfg = Debug|Any CPU
		{AF55A4DE-77F4-7839-3597-3560EA0151AF}.Debug|Any CPU.Build.0 = Debug|Any CPU
		{AF55A4DE-77F4-7839-3597-3560EA0151AF}.Release|Any CPU.ActiveCfg = Release|Any CPU
		{AF55A4DE-77F4-7839-3597-3560EA0151AF}.Release|Any CPU.Build.0 = Release|Any CPU
		{384BA9C8-56D2-8026-876A-79214FE794FC}.Debug|Any CPU.ActiveCfg = Debug|Any CPU
		{384BA9C8-56D2-8026-876A-79214FE794FC}.Debug|Any CPU.Build.0 = Debug|Any CPU
		{384BA9C8-56D2-8026-876A-79214FE794FC}.Release|Any CPU.ActiveCfg = Release|Any CPU
		{384BA9C8-56D2-8026-876A-79214FE794FC}.Release|Any CPU.Build.0 = Release|Any CPU
	EndGlobalSection
	GlobalSection(SolutionProperties) = preSolution
		HideSolutionNode = FALSE
	EndGlobalSection
EndGlobal
